
Microsoft Visual Studio Solution File, Format Version 12.00
# Visual Studio Version 17
VisualStudioVersion = 17.3.32825.248
MinimumVisualStudioVersion = 10.0.40219.1
Project("{FAE04EC0-301F-11D3-BF4B-00C04F79EFBC}") = "Wpf.Mvvm.Multi_Lingual.UI", "Wpf.Mvvm.Multi_Lingual.UI\Wpf.Mvvm.Multi_Lingual.UI.csproj", "{47B9D392-B92D-413E-9987-58762E2AFDC5}"
EndProject
Project("{FAE04EC0-301F-11D3-BF4B-00C04F79EFBC}") = "Wpf.Mvvm.Library.Sample1", "Wpf.Mvvm.Library.Sample1\Wpf.Mvvm.Library.Sample1.csproj", "{37900314-515A-4178-8483-2AA6966330E5}"
EndProject
Project("{FAE04EC0-301F-11D3-BF4B-00C04F79EFBC}") = "Wpf.Mvvm.Library.Language", "Wpf.Mvvm.Library.LanguageService\Wpf.Mvvm.Library.Language.csproj", "{8C267E5C-8E17-40E0-9DE3-FB12AB9ED6AF}"
EndProject
Global
	GlobalSection(SolutionConfigurationPlatforms) = preSolution
		Debug|Any CPU = Debug|Any CPU
		Release|Any CPU = Release|Any CPU
	EndGlobalSection
	GlobalSection(ProjectConfigurationPlatforms) = postSolution
		{47B9D392-B92D-413E-9987-58762E2AFDC5}.Debug|Any CPU.ActiveCfg = Debug|Any CPU
		{47B9D392-B92D-413E-9987-58762E2AFDC5}.Debug|Any CPU.Build.0 = Debug|Any CPU
		{47B9D392-B92D-413E-9987-58762E2AFDC5}.Release|Any CPU.ActiveCfg = Release|Any CPU
		{47B9D392-B92D-413E-9987-58762E2AFDC5}.Release|Any CPU.Build.0 = Release|Any CPU
		{37900314-515A-4178-8483-2AA6966330E5}.Debug|Any CPU.ActiveCfg = Debug|Any CPU
		{37900314-515A-4178-8483-2AA6966330E5}.Debug|Any CPU.Build.0 = Debug|Any CPU
		{37900314-515A-4178-8483-2AA6966330E5}.Release|Any CPU.ActiveCfg = Release|Any CPU
		{37900314-515A-4178-8483-2AA6966330E5}.Release|Any CPU.Build.0 = Release|Any CPU
		{8C267E5C-8E17-40E0-9DE3-FB12AB9ED6AF}.Debug|Any CPU.ActiveCfg = Debug|Any CPU
		{8C267E5C-8E17-40E0-9DE3-FB12AB9ED6AF}.Debug|Any CPU.Build.0 = Debug|Any CPU
		{8C267E5C-8E17-40E0-9DE3-FB12AB9ED6AF}.Release|Any CPU.ActiveCfg = Release|Any CPU
		{8C267E5C-8E17-40E0-9DE3-FB12AB9ED6AF}.Release|Any CPU.Build.0 = Release|Any CPU
	EndGlobalSection
	GlobalSection(SolutionProperties) = preSolution
		HideSolutionNode = FALSE
	EndGlobalSection
	GlobalSection(ExtensibilityGlobals) = postSolution
		SolutionGuid = {EC897BD0-B7BE-40E4-AA6D-727539318615}
	EndGlobalSection
EndGlobal
